PODS:
  - FLAnimatedImage (1.0.12)
  - Kingfisher (4.6.1)
  - NYTPhotoViewer (1.1.0):
    - NYTPhotoViewer/AnimatedGifSupport (= 1.1.0)
    - NYTPhotoViewer/Core (= 1.1.0)
  - NYTPhotoViewer/AnimatedGifSupport (1.1.0):
    - FLAnimatedImage (~> 1.0.8)
    - NYTPhotoViewer/Core
  - NYTPhotoViewer/Core (1.1.0)
  - SkeletonView (1.0.4)

DEPENDENCIES:
  - Kingfisher (~> 4.0)
  - NYTPhotoViewer (~> 1.1.0)
  - SkeletonView (~> 1.0.4)

SPEC CHECKSUMS:
  FLAnimatedImage: 4a0b56255d9b05f18b6dd7ee06871be5d3b89e31
  Kingfisher: 1f9157d9c02b380cbd0b7cc890161195164eb634
  NYTPhotoViewer: e80e8767f3780d2df37c6f72cbab15d6c7232911
  SkeletonView: 933a9442b08c3550f61c2ae38a02456a74ad86f4

PODFILE CHECKSUM: 38c253692e882ff28cf876fca4c8a4f76d7e320b

COCOAPODS: 1.3.1
